
Microsoft Visual Studio Solution File, Format Version 12.00
# Visual Studio Version 17
VisualStudioVersion = 17.11.35312.102
MinimumVisualStudioVersion = 10.0.40219.1
Project("{FAE04EC0-301F-11D3-BF4B-00C04F79EFBC}") = "stateManagementMinimumReproducibleExample", "stateManagementMinimumReproducibleExample\stateManagementMinimumReproducibleExample.csproj", "{49279DE6-3938-4B8E-9B21-1C9BBC9004BC}"
EndProject
Project("{FAE04EC0-301F-11D3-BF4B-00C04F79EFBC}") = "stateManagementMinimumReproducibleExample.Client", "stateManagementMinimumReproducibleExample.Client\stateManagementMinimumReproducibleExample.Client.csproj", "{E8373B61-EBB8-4291-A97E-9452770B64FF}"
EndProject
Global
	GlobalSection(SolutionConfigurationPlatforms) = preSolution
		Debug|Any CPU = Debug|Any CPU
		Release|Any CPU = Release|Any CPU
	EndGlobalSection
	GlobalSection(ProjectConfigurationPlatforms) = postSolution
		{49279DE6-3938-4B8E-9B21-1C9BBC9004BC}.Debug|Any CPU.ActiveCfg = Debug|Any CPU
		{49279DE6-3938-4B8E-9B21-1C9BBC9004BC}.Debug|Any CPU.Build.0 = Debug|Any CPU
		{49279DE6-3938-4B8E-9B21-1C9BBC9004BC}.Release|Any CPU.ActiveCfg = Release|Any CPU
		{49279DE6-3938-4B8E-9B21-1C9BBC9004BC}.Release|Any CPU.Build.0 = Release|Any CPU
		{E8373B61-EBB8-4291-A97E-9452770B64FF}.Debug|Any CPU.ActiveCfg = Debug|Any CPU
		{E8373B61-EBB8-4291-A97E-9452770B64FF}.Debug|Any CPU.Build.0 = Debug|Any CPU
		{E8373B61-EBB8-4291-A97E-9452770B64FF}.Release|Any CPU.ActiveCfg = Release|Any CPU
		{E8373B61-EBB8-4291-A97E-9452770B64FF}.Release|Any CPU.Build.0 = Release|Any CPU
	EndGlobalSection
	GlobalSection(SolutionProperties) = preSolution
		HideSolutionNode = FALSE
	EndGlobalSection
	GlobalSection(ExtensibilityGlobals) = postSolution
		SolutionGuid = {C0256C93-36D5-4378-A4B8-9FCE7FFBBC3A}
	EndGlobalSection
EndGlobal
